
Microsoft Visual Studio Solution File, Format Version 12.00
# Visual Studio Version 16
VisualStudioVersion = 16.0.29409.12
MinimumVisualStudioVersion = 10.0.40219.1
Project("{9A19103F-16F7-4668-BE54-9A1E7A4F7556}") = "VirtualMachineManager.Core", "src\VirtualMachineManager.Core\VirtualMachineManager.Core.csproj", "{C5640273-F00B-4D60-84EB-F03ED0B1676D}"
EndProject
Project("{9A19103F-16F7-4668-BE54-9A1E7A4F7556}") = "VirtualMachineManager.Asigning", "src\VirtualMachineManager.Asigning\VirtualMachineManager.Asigning.csproj", "{E06620F8-E934-49F4-AB57-3514D5EB4284}"
EndProject
Project("{9A19103F-16F7-4668-BE54-9A1E7A4F7556}") = "VirtualMachineManager.Services", "src\VirtualMachineManager.Services\VirtualMachineManager.Services.csproj", "{B96B17AA-B505-45EA-BCB2-4039FAC5F6BE}"
EndProject
Project("{9A19103F-16F7-4668-BE54-9A1E7A4F7556}") = "VirtualMachineManager.Diagnostics", "src\VirtualMachineManager.Diagnostics\VirtualMachineManager.Diagnostics.csproj", "{A010D503-FBA9-4AFF-8B14-82D2D7FF42A8}"
EndProject
Project("{9A19103F-16F7-4668-BE54-9A1E7A4F7556}") = "VirtualMachineManager.Migration", "src\VirtualMachineManager.Migration\VirtualMachineManager.Migration.csproj", "{1531E22B-899E-485B-A873-31CEF809B973}"
EndProject
Project("{9A19103F-16F7-4668-BE54-9A1E7A4F7556}") = "VirtualMachineManager.Prognosing", "src\VirtualMachineManager.Prognosing\VirtualMachineManager.Prognosing.csproj", "{2A863D3B-D755-4FF0-93E6-EDE3096DF302}"
EndProject
Project("{9A19103F-16F7-4668-BE54-9A1E7A4F7556}") = "VirtualMachineManager.EvaluationExtensions", "src\VirtualMachineManager.EvaluationExtensions\VirtualMachineManager.EvaluationExtensions.csproj", "{75C3CF08-6045-4784-AA68-2389141A734B}"
EndProject
Project("{9A19103F-16F7-4668-BE54-9A1E7A4F7556}") = "VirtualMachineManager.App", "src\VirtualMachineManager.App\VirtualMachineManager.App.csproj", "{24C63DB6-6606-481E-A5DE-FF692A588145}"
EndProject
Project("{9A19103F-16F7-4668-BE54-9A1E7A4F7556}") = "VirtualMachineManager.DataAccess", "src\VirtualMachineManager.DataAccess\VirtualMachineManager.DataAccess.csproj", "{7DA7AE7C-E4F7-4500-B1A0-770A2D9A2CA6}"
EndProject
Project("{9A19103F-16F7-4668-BE54-9A1E7A4F7556}") = "VirtualMachineManager.TimeSeriesStorage", "VirtualMachineManager.TimeSeriesStorage\VirtualMachineManager.TimeSeriesStorage.csproj", "{97CF45CC-5584-4C10-8EE4-208445C4359A}"
EndProject
Global
	GlobalSection(SolutionConfigurationPlatforms) = preSolution
		Debug|Any CPU = Debug|Any CPU
		Release|Any CPU = Release|Any CPU
	EndGlobalSection
	GlobalSection(ProjectConfigurationPlatforms) = postSolution
		{C5640273-F00B-4D60-84EB-F03ED0B1676D}.Debug|Any CPU.ActiveCfg = Debug|Any CPU
		{C5640273-F00B-4D60-84EB-F03ED0B1676D}.Debug|Any CPU.Build.0 = Debug|Any CPU
		{C5640273-F00B-4D60-84EB-F03ED0B1676D}.Release|Any CPU.ActiveCfg = Release|Any CPU
		{C5640273-F00B-4D60-84EB-F03ED0B1676D}.Release|Any CPU.Build.0 = Release|Any CPU
		{E06620F8-E934-49F4-AB57-3514D5EB4284}.Debug|Any CPU.ActiveCfg = Debug|Any CPU
		{E06620F8-E934-49F4-AB57-3514D5EB4284}.Debug|Any CPU.Build.0 = Debug|Any CPU
		{E06620F8-E934-49F4-AB57-3514D5EB4284}.Release|Any CPU.ActiveCfg = Release|Any CPU
		{E06620F8-E934-49F4-AB57-3514D5EB4284}.Release|Any CPU.Build.0 = Release|Any CPU
		{B96B17AA-B505-45EA-BCB2-4039FAC5F6BE}.Debug|Any CPU.ActiveCfg = Debug|Any CPU
		{B96B17AA-B505-45EA-BCB2-4039FAC5F6BE}.Debug|Any CPU.Build.0 = Debug|Any CPU
		{B96B17AA-B505-45EA-BCB2-4039FAC5F6BE}.Release|Any CPU.ActiveCfg = Release|Any CPU
		{B96B17AA-B505-45EA-BCB2-4039FAC5F6BE}.Release|Any CPU.Build.0 = Release|Any CPU
		{A010D503-FBA9-4AFF-8B14-82D2D7FF42A8}.Debug|Any CPU.ActiveCfg = Debug|Any CPU
		{A010D503-FBA9-4AFF-8B14-82D2D7FF42A8}.Debug|Any CPU.Build.0 = Debug|Any CPU
		{A010D503-FBA9-4AFF-8B14-82D2D7FF42A8}.Release|Any CPU.ActiveCfg = Release|Any CPU
		{A010D503-FBA9-4AFF-8B14-82D2D7FF42A8}.Release|Any CPU.Build.0 = Release|Any CPU
		{1531E22B-899E-485B-A873-31CEF809B973}.Debug|Any CPU.ActiveCfg = Debug|Any CPU
		{1531E22B-899E-485B-A873-31CEF809B973}.Debug|Any CPU.Build.0 = Debug|Any CPU
		{1531E22B-899E-485B-A873-31CEF809B973}.Release|Any CPU.ActiveCfg = Release|Any CPU
		{1531E22B-899E-485B-A873-31CEF809B973}.Release|Any CPU.Build.0 = Release|Any CPU
		{2A863D3B-D755-4FF0-93E6-EDE3096DF302}.Debug|Any CPU.ActiveCfg = Debug|Any CPU
		{2A863D3B-D755-4FF0-93E6-EDE3096DF302}.Debug|Any CPU.Build.0 = Debug|Any CPU
		{2A863D3B-D755-4FF0-93E6-EDE3096DF302}.Release|Any CPU.ActiveCfg = Release|Any CPU
		{2A863D3B-D755-4FF0-93E6-EDE3096DF302}.Release|Any CPU.Build.0 = Release|Any CPU
		{75C3CF08-6045-4784-AA68-2389141A734B}.Debug|Any CPU.ActiveCfg = Debug|Any CPU
		{75C3CF08-6045-4784-AA68-2389141A734B}.Debug|Any CPU.Build.0 = Debug|Any CPU
		{75C3CF08-6045-4784-AA68-2389141A734B}.Release|Any CPU.ActiveCfg = Release|Any CPU
		{75C3CF08-6045-4784-AA68-2389141A734B}.Release|Any CPU.Build.0 = Release|Any CPU
		{24C63DB6-6606-481E-A5DE-FF692A588145}.Debug|Any CPU.ActiveCfg = Debug|Any CPU
		{24C63DB6-6606-481E-A5DE-FF692A588145}.Debug|Any CPU.Build.0 = Debug|Any CPU
		{24C63DB6-6606-481E-A5DE-FF692A588145}.Release|Any CPU.ActiveCfg = Release|Any CPU
		{24C63DB6-6606-481E-A5DE-FF692A588145}.Release|Any CPU.Build.0 = Release|Any CPU
		{7DA7AE7C-E4F7-4500-B1A0-770A2D9A2CA6}.Debug|Any CPU.ActiveCfg = Debug|Any CPU
		{7DA7AE7C-E4F7-4500-B1A0-770A2D9A2CA6}.Debug|Any CPU.Build.0 = Debug|Any CPU
		{7DA7AE7C-E4F7-4500-B1A0-770A2D9A2CA6}.Release|Any CPU.ActiveCfg = Release|Any CPU
		{7DA7AE7C-E4F7-4500-B1A0-770A2D9A2CA6}.Release|Any CPU.Build.0 = Release|Any CPU
		{97CF45CC-5584-4C10-8EE4-208445C4359A}.Debug|Any CPU.ActiveCfg = Debug|Any CPU
		{97CF45CC-5584-4C10-8EE4-208445C4359A}.Debug|Any CPU.Build.0 = Debug|Any CPU
		{97CF45CC-5584-4C10-8EE4-208445C4359A}.Release|Any CPU.ActiveCfg = Release|Any CPU
		{97CF45CC-5584-4C10-8EE4-208445C4359A}.Release|Any CPU.Build.0 = Release|Any CPU
	EndGlobalSection
	GlobalSection(SolutionProperties) = preSolution
		HideSolutionNode = FALSE
	EndGlobalSection
	GlobalSection(ExtensibilityGlobals) = postSolution
		SolutionGuid = {D19A8E06-54E6-4761-BD5B-4CD277068F5F}
	EndGlobalSection
EndGlobal
